
Microsoft Visual Studio Solution File, Format Version 12.00
# Visual Studio Version 16
VisualStudioVersion = 16.0.29306.81
MinimumVisualStudioVersion = 10.0.40219.1
Project("{FAE04EC0-301F-11D3-BF4B-00C04F79EFBC}") = "GamingConsole", "GamingConsole\GamingConsole.csproj", "{4504154E-5B43-4C04-B693-598A551E2954}"
EndProject
Global
	GlobalSection(SolutionConfigurationPlatforms) = preSolution
		Debug|Any CPU = Debug|Any CPU
		Release|Any CPU = Release|Any CPU
	EndGlobalSection
	GlobalSection(ProjectConfigurationPlatforms) = postSolution
		{4504154E-5B43-4C04-B693-598A551E2954}.Debug|Any CPU.ActiveCfg = Debug|Any CPU
		{4504154E-5B43-4C04-B693-598A551E2954}.Debug|Any CPU.Build.0 = Debug|Any CPU
		{4504154E-5B43-4C04-B693-598A551E2954}.Release|Any CPU.ActiveCfg = Release|Any CPU
		{4504154E-5B43-4C04-B693-598A551E2954}.Release|Any CPU.Build.0 = Release|Any CPU
	EndGlobalSection
	GlobalSection(SolutionProperties) = preSolution
		HideSolutionNode = FALSE
	EndGlobalSection
	GlobalSection(ExtensibilityGlobals) = postSolution
		SolutionGuid = {5E6A0231-22CC-4605-BE12-A8343E7EEB8A}
	EndGlobalSection
EndGlobal
